// !$*UTF8*$!
{
	archiveVersion = 1;
	classes = {
	};
	objectVersion = 56;
	objects = {

/* Begin PBXBuildFile section */
		742196712C0DBEED00971581 /* Localizable.strings in Resources */ = {isa = PBXBuildFile; fileRef = 7421966F2C0DBEED00971581 /* Localizable.strings */; };
		742196B62C0DC25400971581 /* Barlow-Italic.ttf in Resources */ = {isa = PBXBuildFile; fileRef = 742196A22C0DC25300971581 /* Barlow-Italic.ttf */; };
		742196B72C0DC25400971581 /* Barlow-Bold.ttf in Resources */ = {isa = PBXBuildFile; fileRef = 742196A32C0DC25300971581 /* Barlow-Bold.ttf */; };
		742196B82C0DC25400971581 /* Barlow-Light.ttf in Resources */ = {isa = PBXBuildFile; fileRef = 742196A42C0DC25300971581 /* Barlow-Light.ttf */; };
		742196B92C0DC25400971581 /* Barlow-Black.ttf in Resources */ = {isa = PBXBuildFile; fileRef = 742196A52C0DC25300971581 /* Barlow-Black.ttf */; };
		742196BA2C0DC25400971581 /* Barlow-Medium.ttf in Resources */ = {isa = PBXBuildFile; fileRef = 742196A62C0DC25300971581 /* Barlow-Medium.ttf */; };
		742196BB2C0DC25400971581 /* OFL.txt in Resources */ = {isa = PBXBuildFile; fileRef = 742196A72C0DC25300971581 /* OFL.txt */; };
		742196BC2C0DC25400971581 /* Barlow-SemiBold.ttf in Resources */ = {isa = PBXBuildFile; fileRef = 742196A82C0DC25300971581 /* Barlow-SemiBold.ttf */; };
		742196BD2C0DC25400971581 /* Barlow-LightItalic.ttf in Resources */ = {isa = PBXBuildFile; fileRef = 742196A92C0DC25300971581 /* Barlow-LightItalic.ttf */; };
		742196BE2C0DC25400971581 /* Barlow-Regular.ttf in Resources */ = {isa = PBXBuildFile; fileRef = 742196AA2C0DC25400971581 /* Barlow-Regular.ttf */; };
		742196BF2C0DC25400971581 /* Barlow-ExtraBoldItalic.ttf in Resources */ = {isa = PBXBuildFile; fileRef = 742196AB2C0DC25400971581 /* Barlow-ExtraBoldItalic.ttf */; };
		742196C02C0DC25400971581 /* Barlow-ThinItalic.ttf in Resources */ = {isa = PBXBuildFile; fileRef = 742196AC2C0DC25400971581 /* Barlow-ThinItalic.ttf */; };
		742196C12C0DC25400971581 /* Barlow-BoldItalic.ttf in Resources */ = {isa = PBXBuildFile; fileRef = 742196AD2C0DC25400971581 /* Barlow-BoldItalic.ttf */; };
		742196C22C0DC25400971581 /* Barlow-ExtraBold.ttf in Resources */ = {isa = PBXBuildFile; fileRef = 742196AE2C0DC25400971581 /* Barlow-ExtraBold.ttf */; };
		742196C32C0DC25400971581 /* Barlow-ExtraLightItalic.ttf in Resources */ = {isa = PBXBuildFile; fileRef = 742196AF2C0DC25400971581 /* Barlow-ExtraLightItalic.ttf */; };
		742196C42C0DC25400971581 /* Barlow-ExtraLight.ttf in Resources */ = {isa = PBXBuildFile; fileRef = 742196B02C0DC25400971581 /* Barlow-ExtraLight.ttf */; };
		742196C52C0DC25400971581 /* TurretRoad-Bold.ttf in Resources */ = {isa = PBXBuildFile; fileRef = 742196B12C0DC25400971581 /* TurretRoad-Bold.ttf */; };
		742196C62C0DC25400971581 /* Barlow-BlackItalic.ttf in Resources */ = {isa = PBXBuildFile; fileRef = 742196B22C0DC25400971581 /* Barlow-BlackItalic.ttf */; };
		742196C72C0DC25400971581 /* Barlow-MediumItalic.ttf in Resources */ = {isa = PBXBuildFile; fileRef = 742196B32C0DC25400971581 /* Barlow-MediumItalic.ttf */; };
		742196C82C0DC25400971581 /* Barlow-SemiBoldItalic.ttf in Resources */ = {isa = PBXBuildFile; fileRef = 742196B42C0DC25400971581 /* Barlow-SemiBoldItalic.ttf */; };
		742196C92C0DC25400971581 /* Barlow-Thin.ttf in Resources */ = {isa = PBXBuildFile; fileRef = 742196B52C0DC25400971581 /* Barlow-Thin.ttf */; };
		742196CB2C0DC25A00971581 /* Staatliches-Regular.ttf in Resources */ = {isa = PBXBuildFile; fileRef = 742196CA2C0DC25A00971581 /* Staatliches-Regular.ttf */; };
		742196D02C0DC5EF00971581 /* WelcomeView.swift in Sources */ = {isa = PBXBuildFile; fileRef = 742196CF2C0DC5EF00971581 /* WelcomeView.swift */; };
		742196D42C0DDD1B00971581 /* StyleButton.swift in Sources */ = {isa = PBXBuildFile; fileRef = 742196D32C0DDD1B00971581 /* StyleButton.swift */; };
		742196D72C0EB41400971581 /* RulesView.swift in Sources */ = {isa = PBXBuildFile; fileRef = 742196D62C0EB41400971581 /* RulesView.swift */; };
		742196D92C0EBBE800971581 /* RulesViewModel.swift in Sources */ = {isa = PBXBuildFile; fileRef = 742196D82C0EBBE800971581 /* RulesViewModel.swift */; };
		742196DF2C0ED3EB00971581 /* Fonts.swift in Sources */ = {isa = PBXBuildFile; fileRef = 742196DC2C0ED3EB00971581 /* Fonts.swift */; };
		742196E02C0ED3EB00971581 /* Assets.swift in Sources */ = {isa = PBXBuildFile; fileRef = 742196DD2C0ED3EB00971581 /* Assets.swift */; };
		742196E12C0ED3EB00971581 /* Strings.swift in Sources */ = {isa = PBXBuildFile; fileRef = 742196DE2C0ED3EB00971581 /* Strings.swift */; };
		7473441D2C116DE6008B733F /* PrivacyView.swift in Sources */ = {isa = PBXBuildFile; fileRef = 7473441C2C116DE6008B733F /* PrivacyView.swift */; };
		7473441F2C116DF0008B733F /* PrivacyViewModel.swift in Sources */ = {isa = PBXBuildFile; fileRef = 7473441E2C116DF0008B733F /* PrivacyViewModel.swift */; };
		74DDEF8D2C08850900471B3A /* MindPlexApp.swift in Sources */ = {isa = PBXBuildFile; fileRef = 74DDEF8C2C08850900471B3A /* MindPlexApp.swift */; };
		74DDEF912C08850A00471B3A /* Assets.xcassets in Resources */ = {isa = PBXBuildFile; fileRef = 74DDEF902C08850A00471B3A /* Assets.xcassets */; };
		74DDEF942C08850A00471B3A /* Preview Assets.xcassets in Resources */ = {isa = PBXBuildFile; fileRef = 74DDEF932C08850A00471B3A /* Preview Assets.xcassets */; };
		74DDEFBC2C088B4900471B3A /* APIClient.swift in Sources */ = {isa = PBXBuildFile; fileRef = 74DDEFBB2C088B4900471B3A /* APIClient.swift */; };
		74DDEFCA2C0893FE00471B3A /* Colors.xcassets in Resources */ = {isa = PBXBuildFile; fileRef = 74DDEFC92C0893FE00471B3A /* Colors.xcassets */; };
/* End PBXBuildFile section */

/* Begin PBXContainerItemProxy section */
		74DDEF9A2C08850A00471B3A /* PBXContainerItemProxy */ = {
			isa = PBXContainerItemProxy;
			containerPortal = 74DDEF812C08850900471B3A /* Project object */;
			proxyType = 1;
			remoteGlobalIDString = 74DDEF882C08850900471B3A;
			remoteInfo = MindPlex;
		};
		74DDEFA42C08850A00471B3A /* PBXContainerItemProxy */ = {
			isa = PBXContainerItemProxy;
			containerPortal = 74DDEF812C08850900471B3A /* Project object */;
			proxyType = 1;
			remoteGlobalIDString = 74DDEF882C08850900471B3A;
			remoteInfo = MindPlex;
		};
/* End PBXContainerItemProxy section */

/* Begin PBXFileReference section */
		742196702C0DBEED00971581 /* en */ = {isa = PBXFileReference; lastKnownFileType = text.plist.strings; name = en; path = en.lproj/Localizable.strings; sourceTree = "<group>"; };
		742196A22C0DC25300971581 /* Barlow-Italic.ttf */ = {isa = PBXFileReference; lastKnownFileType = file; path = "Barlow-Italic.ttf"; sourceTree = "<group>"; };
		742196A32C0DC25300971581 /* Barlow-Bold.ttf */ = {isa = PBXFileReference; lastKnownFileType = file; path = "Barlow-Bold.ttf"; sourceTree = "<group>"; };
		742196A42C0DC25300971581 /* Barlow-Light.ttf */ = {isa = PBXFileReference; lastKnownFileType = file; path = "Barlow-Light.ttf"; sourceTree = "<group>"; };
		742196A52C0DC25300971581 /* Barlow-Black.ttf */ = {isa = PBXFileReference; lastKnownFileType = file; path = "Barlow-Black.ttf"; sourceTree = "<group>"; };
		742196A62C0DC25300971581 /* Barlow-Medium.ttf */ = {isa = PBXFileReference; lastKnownFileType = file; path = "Barlow-Medium.ttf"; sourceTree = "<group>"; };
		742196A72C0DC25300971581 /* OFL.txt */ = {isa = PBXFileReference; fileEncoding = 4; lastKnownFileType = text; path = OFL.txt; sourceTree = "<group>"; };
		742196A82C0DC25300971581 /* Barlow-SemiBold.ttf */ = {isa = PBXFileReference; lastKnownFileType = file; path = "Barlow-SemiBold.ttf"; sourceTree = "<group>"; };
		742196A92C0DC25300971581 /* Barlow-LightItalic.ttf */ = {isa = PBXFileReference; lastKnownFileType = file; path = "Barlow-LightItalic.ttf"; sourceTree = "<group>"; };
		742196AA2C0DC25400971581 /* Barlow-Regular.ttf */ = {isa = PBXFileReference; lastKnownFileType = file; path = "Barlow-Regular.ttf"; sourceTree = "<group>"; };
		742196AB2C0DC25400971581 /* Barlow-ExtraBoldItalic.ttf */ = {isa = PBXFileReference; lastKnownFileType = file; path = "Barlow-ExtraBoldItalic.ttf"; sourceTree = "<group>"; };
		742196AC2C0DC25400971581 /* Barlow-ThinItalic.ttf */ = {isa = PBXFileReference; lastKnownFileType = file; path = "Barlow-ThinItalic.ttf"; sourceTree = "<group>"; };
		742196AD2C0DC25400971581 /* Barlow-BoldItalic.ttf */ = {isa = PBXFileReference; lastKnownFileType = file; path = "Barlow-BoldItalic.ttf"; sourceTree = "<group>"; };
		742196AE2C0DC25400971581 /* Barlow-ExtraBold.ttf */ = {isa = PBXFileReference; lastKnownFileType = file; path = "Barlow-ExtraBold.ttf"; sourceTree = "<group>"; };
		742196AF2C0DC25400971581 /* Barlow-ExtraLightItalic.ttf */ = {isa = PBXFileReference; lastKnownFileType = file; path = "Barlow-ExtraLightItalic.ttf"; sourceTree = "<group>"; };
		742196B02C0DC25400971581 /* Barlow-ExtraLight.ttf */ = {isa = PBXFileReference; lastKnownFileType = file; path = "Barlow-ExtraLight.ttf"; sourceTree = "<group>"; };
		742196B12C0DC25400971581 /* TurretRoad-Bold.ttf */ = {isa = PBXFileReference; lastKnownFileType = file; path = "TurretRoad-Bold.ttf"; sourceTree = "<group>"; };
		742196B22C0DC25400971581 /* Barlow-BlackItalic.ttf */ = {isa = PBXFileReference; lastKnownFileType = file; path = "Barlow-BlackItalic.ttf"; sourceTree = "<group>"; };
		742196B32C0DC25400971581 /* Barlow-MediumItalic.ttf */ = {isa = PBXFileReference; lastKnownFileType = file; path = "Barlow-MediumItalic.ttf"; sourceTree = "<group>"; };
		742196B42C0DC25400971581 /* Barlow-SemiBoldItalic.ttf */ = {isa = PBXFileReference; lastKnownFileType = file; path = "Barlow-SemiBoldItalic.ttf"; sourceTree = "<group>"; };
		742196B52C0DC25400971581 /* Barlow-Thin.ttf */ = {isa = PBXFileReference; lastKnownFileType = file; path = "Barlow-Thin.ttf"; sourceTree = "<group>"; };
		742196CA2C0DC25A00971581 /* Staatliches-Regular.ttf */ = {isa = PBXFileReference; lastKnownFileType = file; path = "Staatliches-Regular.ttf"; sourceTree = "<group>"; };
		742196CF2C0DC5EF00971581 /* WelcomeView.swift */ = {isa = PBXFileReference; lastKnownFileType = sourcecode.swift; path = WelcomeView.swift; sourceTree = "<group>"; };
		742196D32C0DDD1B00971581 /* StyleButton.swift */ = {isa = PBXFileReference; lastKnownFileType = sourcecode.swift; path = StyleButton.swift; sourceTree = "<group>"; };
		742196D62C0EB41400971581 /* RulesView.swift */ = {isa = PBXFileReference; lastKnownFileType = sourcecode.swift; path = RulesView.swift; sourceTree = "<group>"; };
		742196D82C0EBBE800971581 /* RulesViewModel.swift */ = {isa = PBXFileReference; lastKnownFileType = sourcecode.swift; path = RulesViewModel.swift; sourceTree = "<group>"; };
		742196DC2C0ED3EB00971581 /* Fonts.swift */ = {isa = PBXFileReference; fileEncoding = 4; lastKnownFileType = sourcecode.swift; path = Fonts.swift; sourceTree = "<group>"; };
		742196DD2C0ED3EB00971581 /* Assets.swift */ = {isa = PBXFileReference; fileEncoding = 4; lastKnownFileType = sourcecode.swift; path = Assets.swift; sourceTree = "<group>"; };
		742196DE2C0ED3EB00971581 /* Strings.swift */ = {isa = PBXFileReference; fileEncoding = 4; lastKnownFileType = sourcecode.swift; path = Strings.swift; sourceTree = "<group>"; };
		7473441C2C116DE6008B733F /* PrivacyView.swift */ = {isa = PBXFileReference; lastKnownFileType = sourcecode.swift; path = PrivacyView.swift; sourceTree = "<group>"; };
		7473441E2C116DF0008B733F /* PrivacyViewModel.swift */ = {isa = PBXFileReference; lastKnownFileType = sourcecode.swift; path = PrivacyViewModel.swift; sourceTree = "<group>"; };
		74DDEF892C08850900471B3A /* MindPlex.app */ = {isa = PBXFileReference; explicitFileType = wrapper.application; includeInIndex = 0; path = MindPlex.app; sourceTree = BUILT_PRODUCTS_DIR; };
		74DDEF8C2C08850900471B3A /* MindPlexApp.swift */ = {isa = PBXFileReference; lastKnownFileType = sourcecode.swift; path = MindPlexApp.swift; sourceTree = "<group>"; };
		74DDEF902C08850A00471B3A /* Assets.xcassets */ = {isa = PBXFileReference; lastKnownFileType = folder.assetcatalog; path = Assets.xcassets; sourceTree = "<group>"; };
		74DDEF932C08850A00471B3A /* Preview Assets.xcassets */ = {isa = PBXFileReference; lastKnownFileType = folder.assetcatalog; path = "Preview Assets.xcassets"; sourceTree = "<group>"; };
		74DDEF992C08850A00471B3A /* MindPlexTests.xctest */ = {isa = PBXFileReference; explicitFileType = wrapper.cfbundle; includeInIndex = 0; path = MindPlexTests.xctest; sourceTree = BUILT_PRODUCTS_DIR; };
		74DDEFA32C08850A00471B3A /* MindPlexUITests.xctest */ = {isa = PBXFileReference; explicitFileType = wrapper.cfbundle; includeInIndex = 0; path = MindPlexUITests.xctest; sourceTree = BUILT_PRODUCTS_DIR; };
		74DDEFBB2C088B4900471B3A /* APIClient.swift */ = {isa = PBXFileReference; lastKnownFileType = sourcecode.swift; path = APIClient.swift; sourceTree = "<group>"; };
		74DDEFC92C0893FE00471B3A /* Colors.xcassets */ = {isa = PBXFileReference; lastKnownFileType = folder.assetcatalog; path = Colors.xcassets; sourceTree = "<group>"; };
/* End PBXFileReference section */

/* Begin PBXFrameworksBuildPhase section */
		74DDEF862C08850900471B3A /* Frameworks */ = {
			isa = PBXFrameworksBuildPhase;
			buildActionMask = 2147483647;
			files = (
			);
			runOnlyForDeploymentPostprocessing = 0;
		};
		74DDEF962C08850A00471B3A /* Frameworks */ = {
			isa = PBXFrameworksBuildPhase;
			buildActionMask = 2147483647;
			files = (
			);
			runOnlyForDeploymentPostprocessing = 0;
		};
		74DDEFA02C08850A00471B3A /* Frameworks */ = {
			isa = PBXFrameworksBuildPhase;
			buildActionMask = 2147483647;
			files = (
			);
			runOnlyForDeploymentPostprocessing = 0;
		};
/* End PBXFrameworksBuildPhase section */

/* Begin PBXGroup section */
		7421966D2C0DBECB00971581 /* Resources */ = {
			isa = PBXGroup;
			children = (
				742196DB2C0ED35800971581 /* Assets */,
				742196DA2C0ED34600971581 /* Localizable */,
				742196792C0DC1F300971581 /* Fonts */,
				742196742C0DC02400971581 /* Generated */,
			);
			path = Resources;
			sourceTree = "<group>";
		};
		742196742C0DC02400971581 /* Generated */ = {
			isa = PBXGroup;
			children = (
				742196DD2C0ED3EB00971581 /* Assets.swift */,
				742196DC2C0ED3EB00971581 /* Fonts.swift */,
				742196DE2C0ED3EB00971581 /* Strings.swift */,
			);
			path = Generated;
			sourceTree = "<group>";
		};
		742196792C0DC1F300971581 /* Fonts */ = {
			isa = PBXGroup;
			children = (
				742196A52C0DC25300971581 /* Barlow-Black.ttf */,
				742196B22C0DC25400971581 /* Barlow-BlackItalic.ttf */,
				742196A32C0DC25300971581 /* Barlow-Bold.ttf */,
				742196AD2C0DC25400971581 /* Barlow-BoldItalic.ttf */,
				742196AE2C0DC25400971581 /* Barlow-ExtraBold.ttf */,
				742196AB2C0DC25400971581 /* Barlow-ExtraBoldItalic.ttf */,
				742196B02C0DC25400971581 /* Barlow-ExtraLight.ttf */,
				742196AF2C0DC25400971581 /* Barlow-ExtraLightItalic.ttf */,
				742196A22C0DC25300971581 /* Barlow-Italic.ttf */,
				742196A42C0DC25300971581 /* Barlow-Light.ttf */,
				742196A92C0DC25300971581 /* Barlow-LightItalic.ttf */,
				742196A62C0DC25300971581 /* Barlow-Medium.ttf */,
				742196B32C0DC25400971581 /* Barlow-MediumItalic.ttf */,
				742196AA2C0DC25400971581 /* Barlow-Regular.ttf */,
				742196A82C0DC25300971581 /* Barlow-SemiBold.ttf */,
				742196B42C0DC25400971581 /* Barlow-SemiBoldItalic.ttf */,
				742196B52C0DC25400971581 /* Barlow-Thin.ttf */,
				742196AC2C0DC25400971581 /* Barlow-ThinItalic.ttf */,
				742196A72C0DC25300971581 /* OFL.txt */,
				742196B12C0DC25400971581 /* TurretRoad-Bold.ttf */,
				742196CA2C0DC25A00971581 /* Staatliches-Regular.ttf */,
			);
			path = Fonts;
			sourceTree = "<group>";
		};
		742196CE2C0DC5E300971581 /* Welcome */ = {
			isa = PBXGroup;
			children = (
				742196CF2C0DC5EF00971581 /* WelcomeView.swift */,
			);
			path = Welcome;
			sourceTree = "<group>";
		};
		742196D12C0DDCDC00971581 /* Commons */ = {
			isa = PBXGroup;
			children = (
				742196D22C0DDCE400971581 /* StyleComponent */,
			);
			path = Commons;
			sourceTree = "<group>";
		};
		742196D22C0DDCE400971581 /* StyleComponent */ = {
			isa = PBXGroup;
			children = (
				742196D32C0DDD1B00971581 /* StyleButton.swift */,
			);
			path = StyleComponent;
			sourceTree = "<group>";
		};
		742196D52C0EB3FA00971581 /* Rules */ = {
			isa = PBXGroup;
			children = (
				742196D62C0EB41400971581 /* RulesView.swift */,
				742196D82C0EBBE800971581 /* RulesViewModel.swift */,
			);
			path = Rules;
			sourceTree = "<group>";
		};
		742196DA2C0ED34600971581 /* Localizable */ = {
			isa = PBXGroup;
			children = (
				7421966F2C0DBEED00971581 /* Localizable.strings */,
			);
			path = Localizable;
			sourceTree = "<group>";
		};
		742196DB2C0ED35800971581 /* Assets */ = {
			isa = PBXGroup;
			children = (
				74DDEF902C08850A00471B3A /* Assets.xcassets */,
				74DDEFC92C0893FE00471B3A /* Colors.xcassets */,
			);
			path = Assets;
			sourceTree = "<group>";
		};
		7473441A2C116CAA008B733F /* Privacy */ = {
			isa = PBXGroup;
			children = (
				7473441C2C116DE6008B733F /* PrivacyView.swift */,
				7473441E2C116DF0008B733F /* PrivacyViewModel.swift */,
			);
			path = Privacy;
			sourceTree = "<group>";
		};
		7473441B2C116CAF008B733F /* Auth */ = {
			isa = PBXGroup;
			children = (
				7473441A2C116CAA008B733F /* Privacy */,
				742196D52C0EB3FA00971581 /* Rules */,
			);
			path = Auth;
			sourceTree = "<group>";
		};
		74DDEF802C08850900471B3A = {
			isa = PBXGroup;
			children = (
				74DDEF8B2C08850900471B3A /* MindPlex */,
				74DDEF8A2C08850900471B3A /* Products */,
			);
			sourceTree = "<group>";
		};
		74DDEF8A2C08850900471B3A /* Products */ = {
			isa = PBXGroup;
			children = (
				74DDEF892C08850900471B3A /* MindPlex.app */,
				74DDEF992C08850A00471B3A /* MindPlexTests.xctest */,
				74DDEFA32C08850A00471B3A /* MindPlexUITests.xctest */,
			);
			name = Products;
			sourceTree = "<group>";
		};
		74DDEF8B2C08850900471B3A /* MindPlex */ = {
			isa = PBXGroup;
			children = (
				742196D12C0DDCDC00971581 /* Commons */,
				7421966D2C0DBECB00971581 /* Resources */,
				74DDEFB92C088B3900471B3A /* Networking */,
				74DDEFB82C088B2A00471B3A /* Extensions */,
				74DDEFB72C088B1700471B3A /* Screens */,
				74DDEFB62C088ACF00471B3A /* AppDelegate */,
				74DDEF922C08850A00471B3A /* Preview Content */,
			);
			path = MindPlex;
			sourceTree = "<group>";
		};
		74DDEF922C08850A00471B3A /* Preview Content */ = {
			isa = PBXGroup;
			children = (
				74DDEF932C08850A00471B3A /* Preview Assets.xcassets */,
			);
			path = "Preview Content";
			sourceTree = "<group>";
		};
		74DDEFB62C088ACF00471B3A /* AppDelegate */ = {
			isa = PBXGroup;
			children = (
				74DDEF8C2C08850900471B3A /* MindPlexApp.swift */,
			);
			path = AppDelegate;
			sourceTree = "<group>";
		};
		74DDEFB72C088B1700471B3A /* Screens */ = {
			isa = PBXGroup;
			children = (
				7473441B2C116CAF008B733F /* Auth */,
				742196CE2C0DC5E300971581 /* Welcome */,
			);
			path = Screens;
			sourceTree = "<group>";
		};
		74DDEFB82C088B2A00471B3A /* Extensions */ = {
			isa = PBXGroup;
			children = (
			);
			path = Extensions;
			sourceTree = "<group>";
		};
		74DDEFB92C088B3900471B3A /* Networking */ = {
			isa = PBXGroup;
			children = (
				74DDEFBA2C088B3F00471B3A /* Service */,
			);
			path = Networking;
			sourceTree = "<group>";
		};
		74DDEFBA2C088B3F00471B3A /* Service */ = {
			isa = PBXGroup;
			children = (
				74DDEFBB2C088B4900471B3A /* APIClient.swift */,
			);
			path = Service;
			sourceTree = "<group>";
		};
/* End PBXGroup section */

/* Begin PBXNativeTarget section */
		74DDEF882C08850900471B3A /* MindPlex */ = {
			isa = PBXNativeTarget;
			buildConfigurationList = 74DDEFAD2C08850A00471B3A /* Build configuration list for PBXNativeTarget "MindPlex" */;
			buildPhases = (
				74DDEF852C08850900471B3A /* Sources */,
				74DDEF862C08850900471B3A /* Frameworks */,
				74DDEF872C08850900471B3A /* Resources */,
				742196E22C0ED4FA00971581 /* SwiftLint */,
			);
			buildRules = (
			);
			dependencies = (
			);
			name = MindPlex;
			productName = MindPlex;
			productReference = 74DDEF892C08850900471B3A /* MindPlex.app */;
			productType = "com.apple.product-type.application";
		};
		74DDEF982C08850A00471B3A /* MindPlexTests */ = {
			isa = PBXNativeTarget;
			buildConfigurationList = 74DDEFB02C08850A00471B3A /* Build configuration list for PBXNativeTarget "MindPlexTests" */;
			buildPhases = (
				74DDEF952C08850A00471B3A /* Sources */,
				74DDEF962C08850A00471B3A /* Frameworks */,
				74DDEF972C08850A00471B3A /* Resources */,
			);
			buildRules = (
			);
			dependencies = (
				74DDEF9B2C08850A00471B3A /* PBXTargetDependency */,
			);
			name = MindPlexTests;
			productName = MindPlexTests;
			productReference = 74DDEF992C08850A00471B3A /* MindPlexTests.xctest */;
			productType = "com.apple.product-type.bundle.unit-test";
		};
		74DDEFA22C08850A00471B3A /* MindPlexUITests */ = {
			isa = PBXNativeTarget;
			buildConfigurationList = 74DDEFB32C08850A00471B3A /* Build configuration list for PBXNativeTarget "MindPlexUITests" */;
			buildPhases = (
				74DDEF9F2C08850A00471B3A /* Sources */,
				74DDEFA02C08850A00471B3A /* Frameworks */,
				74DDEFA12C08850A00471B3A /* Resources */,
			);
			buildRules = (
			);
			dependencies = (
				74DDEFA52C08850A00471B3A /* PBXTargetDependency */,
			);
			name = MindPlexUITests;
			productName = MindPlexUITests;
			productReference = 74DDEFA32C08850A00471B3A /* MindPlexUITests.xctest */;
			productType = "com.apple.product-type.bundle.ui-testing";
		};
/* End PBXNativeTarget section */

/* Begin PBXProject section */
		74DDEF812C08850900471B3A /* Project object */ = {
			isa = PBXProject;
			attributes = {
				BuildIndependentTargetsInParallel = 1;
				LastSwiftUpdateCheck = 1530;
				LastUpgradeCheck = 1530;
				TargetAttributes = {
					74DDEF882C08850900471B3A = {
						CreatedOnToolsVersion = 15.3;
					};
					74DDEF982C08850A00471B3A = {
						CreatedOnToolsVersion = 15.3;
						TestTargetID = 74DDEF882C08850900471B3A;
					};
					74DDEFA22C08850A00471B3A = {
						CreatedOnToolsVersion = 15.3;
						TestTargetID = 74DDEF882C08850900471B3A;
					};
				};
			};
			buildConfigurationList = 74DDEF842C08850900471B3A /* Build configuration list for PBXProject "MindPlex" */;
			compatibilityVersion = "Xcode 14.0";
			developmentRegion = en;
			hasScannedForEncodings = 0;
			knownRegions = (
				en,
				Base,
			);
			mainGroup = 74DDEF802C08850900471B3A;
			productRefGroup = 74DDEF8A2C08850900471B3A /* Products */;
			projectDirPath = "";
			projectRoot = "";
			targets = (
				74DDEF882C08850900471B3A /* MindPlex */,
				74DDEF982C08850A00471B3A /* MindPlexTests */,
				74DDEFA22C08850A00471B3A /* MindPlexUITests */,
			);
		};
/* End PBXProject section */

/* Begin PBXResourcesBuildPhase section */
		74DDEF872C08850900471B3A /* Resources */ = {
			isa = PBXResourcesBuildPhase;
			buildActionMask = 2147483647;
			files = (
				742196BD2C0DC25400971581 /* Barlow-LightItalic.ttf in Resources */,
				742196BB2C0DC25400971581 /* OFL.txt in Resources */,
				742196C92C0DC25400971581 /* Barlow-Thin.ttf in Resources */,
				74DDEF942C08850A00471B3A /* Preview Assets.xcassets in Resources */,
				742196C32C0DC25400971581 /* Barlow-ExtraLightItalic.ttf in Resources */,
				742196BF2C0DC25400971581 /* Barlow-ExtraBoldItalic.ttf in Resources */,
				742196BA2C0DC25400971581 /* Barlow-Medium.ttf in Resources */,
				742196BE2C0DC25400971581 /* Barlow-Regular.ttf in Resources */,
				742196C42C0DC25400971581 /* Barlow-ExtraLight.ttf in Resources */,
				742196712C0DBEED00971581 /* Localizable.strings in Resources */,
				742196C52C0DC25400971581 /* TurretRoad-Bold.ttf in Resources */,
				742196B82C0DC25400971581 /* Barlow-Light.ttf in Resources */,
				742196CB2C0DC25A00971581 /* Staatliches-Regular.ttf in Resources */,
				742196B72C0DC25400971581 /* Barlow-Bold.ttf in Resources */,
				742196C62C0DC25400971581 /* Barlow-BlackItalic.ttf in Resources */,
				742196B62C0DC25400971581 /* Barlow-Italic.ttf in Resources */,
				742196B92C0DC25400971581 /* Barlow-Black.ttf in Resources */,
				74DDEFCA2C0893FE00471B3A /* Colors.xcassets in Resources */,
				742196C12C0DC25400971581 /* Barlow-BoldItalic.ttf in Resources */,
				742196C22C0DC25400971581 /* Barlow-ExtraBold.ttf in Resources */,
				742196BC2C0DC25400971581 /* Barlow-SemiBold.ttf in Resources */,
				74DDEF912C08850A00471B3A /* Assets.xcassets in Resources */,
				742196C72C0DC25400971581 /* Barlow-MediumItalic.ttf in Resources */,
				742196C02C0DC25400971581 /* Barlow-ThinItalic.ttf in Resources */,
				742196C82C0DC25400971581 /* Barlow-SemiBoldItalic.ttf in Resources */,
			);
			runOnlyForDeploymentPostprocessing = 0;
		};
		74DDEF972C08850A00471B3A /* Resources */ = {
			isa = PBXResourcesBuildPhase;
			buildActionMask = 2147483647;
			files = (
			);
			runOnlyForDeploymentPostprocessing = 0;
		};
		74DDEFA12C08850A00471B3A /* Resources */ = {
			isa = PBXResourcesBuildPhase;
			buildActionMask = 2147483647;
			files = (
			);
			runOnlyForDeploymentPostprocessing = 0;
		};
/* End PBXResourcesBuildPhase section */

/* Begin PBXShellScriptBuildPhase section */
		742196E22C0ED4FA00971581 /* SwiftLint */ = {
			isa = PBXShellScriptBuildPhase;
			alwaysOutOfDate = 1;
			buildActionMask = 2147483647;
			files = (
			);
			inputFileListPaths = (
			);
			inputPaths = (
			);
			name = SwiftLint;
			outputFileListPaths = (
			);
			outputPaths = (
			);
			runOnlyForDeploymentPostprocessing = 0;
			shellPath = /bin/sh;
			shellScript = "# Type a script or drag a script file from your workspace to insert its path.\nif [[ \"$(uname -m)\" == arm64 ]]\nthen\n    export PATH=\"/opt/homebrew/bin:$PATH\"\nfi\n\nif command -v swiftlint >/dev/null 2>&1\nthen\n    swiftlint\nelse\n    echo \"warning: `swiftlint` command not found - See https://github.com/realm/SwiftLint#installation for installation instructions.\"\nfi\n";
		};
/* End PBXShellScriptBuildPhase section */

/* Begin PBXSourcesBuildPhase section */
		74DDEF852C08850900471B3A /* Sources */ = {
			isa = PBXSourcesBuildPhase;
			buildActionMask = 2147483647;
			files = (
				742196DF2C0ED3EB00971581 /* Fonts.swift in Sources */,
				742196E12C0ED3EB00971581 /* Strings.swift in Sources */,
				742196D72C0EB41400971581 /* RulesView.swift in Sources */,
				742196E02C0ED3EB00971581 /* Assets.swift in Sources */,
				74DDEF8D2C08850900471B3A /* MindPlexApp.swift in Sources */,
				7473441F2C116DF0008B733F /* PrivacyViewModel.swift in Sources */,
				742196D42C0DDD1B00971581 /* StyleButton.swift in Sources */,
				742196D92C0EBBE800971581 /* RulesViewModel.swift in Sources */,
				74DDEFBC2C088B4900471B3A /* APIClient.swift in Sources */,
				742196D02C0DC5EF00971581 /* WelcomeView.swift in Sources */,
				7473441D2C116DE6008B733F /* PrivacyView.swift in Sources */,
			);
			runOnlyForDeploymentPostprocessing = 0;
		};
		74DDEF952C08850A00471B3A /* Sources */ = {
			isa = PBXSourcesBuildPhase;
			buildActionMask = 2147483647;
			files = (
			);
			runOnlyForDeploymentPostprocessing = 0;
		};
		74DDEF9F2C08850A00471B3A /* Sources */ = {
			isa = PBXSourcesBuildPhase;
			buildActionMask = 2147483647;
			files = (
			);
			runOnlyForDeploymentPostprocessing = 0;
		};
/* End PBXSourcesBuildPhase section */

/* Begin PBXTargetDependency section */
		74DDEF9B2C08850A00471B3A /* PBXTargetDependency */ = {
			isa = PBXTargetDependency;
			target = 74DDEF882C08850900471B3A /* MindPlex */;
			targetProxy = 74DDEF9A2C08850A00471B3A /* PBXContainerItemProxy */;
		};
		74DDEFA52C08850A00471B3A /* PBXTargetDependency */ = {
			isa = PBXTargetDependency;
			target = 74DDEF882C08850900471B3A /* MindPlex */;
			targetProxy = 74DDEFA42C08850A00471B3A /* PBXContainerItemProxy */;
		};
/* End PBXTargetDependency section */

/* Begin PBXVariantGroup section */
		7421966F2C0DBEED00971581 /* Localizable.strings */ = {
			isa = PBXVariantGroup;
			children = (
				742196702C0DBEED00971581 /* en */,
			);
			name = Localizable.strings;
			sourceTree = "<group>";
		};
/* End PBXVariantGroup section */

/* Begin XCBuildConfiguration section */
		74DDEFAB2C08850A00471B3A /* Debug */ = {
			isa = XCBuildConfiguration;
			buildSettings = {
				ALWAYS_SEARCH_USER_PATHS = NO;
				ASSETCATALOG_COMPILER_GENERATE_SWIFT_ASSET_SYMBOL_EXTENSIONS = YES;
				CLANG_ANALYZER_NONNULL = YES;
				CLANG_ANALYZER_NUMBER_OBJECT_CONVERSION = YES_AGGRESSIVE;
				CLANG_CXX_LANGUAGE_STANDARD = "gnu++20";
				CLANG_ENABLE_MODULES = YES;
				CLANG_ENABLE_OBJC_ARC = YES;
				CLANG_ENABLE_OBJC_WEAK = YES;
				CLANG_WARN_BLOCK_CAPTURE_AUTORELEASING = YES;
				CLANG_WARN_BOOL_CONVERSION = YES;
				CLANG_WARN_COMMA = YES;
				CLANG_WARN_CONSTANT_CONVERSION = YES;
				CLANG_WARN_DEPRECATED_OBJC_IMPLEMENTATIONS = YES;
				CLANG_WARN_DIRECT_OBJC_ISA_USAGE = YES_ERROR;
				CLANG_WARN_DOCUMENTATION_COMMENTS = YES;
				CLANG_WARN_EMPTY_BODY = YES;
				CLANG_WARN_ENUM_CONVERSION = YES;
				CLANG_WARN_INFINITE_RECURSION = YES;
				CLANG_WARN_INT_CONVERSION = YES;
				CLANG_WARN_NON_LITERAL_NULL_CONVERSION = YES;
				CLANG_WARN_OBJC_IMPLICIT_RETAIN_SELF = YES;
				CLANG_WARN_OBJC_LITERAL_CONVERSION = YES;
				CLANG_WARN_OBJC_ROOT_CLASS = YES_ERROR;
				CLANG_WARN_QUOTED_INCLUDE_IN_FRAMEWORK_HEADER = YES;
				CLANG_WARN_RANGE_LOOP_ANALYSIS = YES;
				CLANG_WARN_STRICT_PROTOTYPES = YES;
				CLANG_WARN_SUSPICIOUS_MOVE = YES;
				CLANG_WARN_UNGUARDED_AVAILABILITY = YES_AGGRESSIVE;
				CLANG_WARN_UNREACHABLE_CODE = YES;
				CLANG_WARN__DUPLICATE_METHOD_MATCH = YES;
				COPY_PHASE_STRIP = NO;
				DEBUG_INFORMATION_FORMAT = dwarf;
				ENABLE_STRICT_OBJC_MSGSEND = YES;
				ENABLE_TESTABILITY = YES;
				ENABLE_USER_SCRIPT_SANDBOXING = YES;
				GCC_C_LANGUAGE_STANDARD = gnu17;
				GCC_DYNAMIC_NO_PIC = NO;
				GCC_NO_COMMON_BLOCKS = YES;
				GCC_OPTIMIZATION_LEVEL = 0;
				GCC_PREPROCESSOR_DEFINITIONS = (
					"DEBUG=1",
					"$(inherited)",
				);
				GCC_WARN_64_TO_32_BIT_CONVERSION = YES;
				GCC_WARN_ABOUT_RETURN_TYPE = YES_ERROR;
				GCC_WARN_UNDECLARED_SELECTOR = YES;
				GCC_WARN_UNINITIALIZED_AUTOS = YES_AGGRESSIVE;
				GCC_WARN_UNUSED_FUNCTION = YES;
				GCC_WARN_UNUSED_VARIABLE = YES;
				IPHONEOS_DEPLOYMENT_TARGET = 17.4;
				LOCALIZATION_PREFERS_STRING_CATALOGS = YES;
				MTL_ENABLE_DEBUG_INFO = INCLUDE_SOURCE;
				MTL_FAST_MATH = YES;
				ONLY_ACTIVE_ARCH = YES;
				SDKROOT = iphoneos;
				SWIFT_ACTIVE_COMPILATION_CONDITIONS = "DEBUG $(inherited)";
				SWIFT_OPTIMIZATION_LEVEL = "-Onone";
			};
			name = Debug;
		};
		74DDEFAC2C08850A00471B3A /* Release */ = {
			isa = XCBuildConfiguration;
			buildSettings = {
				ALWAYS_SEARCH_USER_PATHS = NO;
				ASSETCATALOG_COMPILER_GENERATE_SWIFT_ASSET_SYMBOL_EXTENSIONS = YES;
				CLANG_ANALYZER_NONNULL = YES;
				CLANG_ANALYZER_NUMBER_OBJECT_CONVERSION = YES_AGGRESSIVE;
				CLANG_CXX_LANGUAGE_STANDARD = "gnu++20";
				CLANG_ENABLE_MODULES = YES;
				CLANG_ENABLE_OBJC_ARC = YES;
				CLANG_ENABLE_OBJC_WEAK = YES;
				CLANG_WARN_BLOCK_CAPTURE_AUTORELEASING = YES;
				CLANG_WARN_BOOL_CONVERSION = YES;
				CLANG_WARN_COMMA = YES;
				CLANG_WARN_CONSTANT_CONVERSION = YES;
				CLANG_WARN_DEPRECATED_OBJC_IMPLEMENTATIONS = YES;
				CLANG_WARN_DIRECT_OBJC_ISA_USAGE = YES_ERROR;
				CLANG_WARN_DOCUMENTATION_COMMENTS = YES;
				CLANG_WARN_EMPTY_BODY = YES;
				CLANG_WARN_ENUM_CONVERSION = YES;
				CLANG_WARN_INFINITE_RECURSION = YES;
				CLANG_WARN_INT_CONVERSION = YES;
				CLANG_WARN_NON_LITERAL_NULL_CONVERSION = YES;
				CLANG_WARN_OBJC_IMPLICIT_RETAIN_SELF = YES;
				CLANG_WARN_OBJC_LITERAL_CONVERSION = YES;
				CLANG_WARN_OBJC_ROOT_CLASS = YES_ERROR;
				CLANG_WARN_QUOTED_INCLUDE_IN_FRAMEWORK_HEADER = YES;
				CLANG_WARN_RANGE_LOOP_ANALYSIS = YES;
				CLANG_WARN_STRICT_PROTOTYPES = YES;
				CLANG_WARN_SUSPICIOUS_MOVE = YES;
				CLANG_WARN_UNGUARDED_AVAILABILITY = YES_AGGRESSIVE;
				CLANG_WARN_UNREACHABLE_CODE = YES;
				CLANG_WARN__DUPLICATE_METHOD_MATCH = YES;
				COPY_PHASE_STRIP = NO;
				DEBUG_INFORMATION_FORMAT = "dwarf-with-dsym";
				ENABLE_NS_ASSERTIONS = NO;
				ENABLE_STRICT_OBJC_MSGSEND = YES;
				ENABLE_USER_SCRIPT_SANDBOXING = YES;
				GCC_C_LANGUAGE_STANDARD = gnu17;
				GCC_NO_COMMON_BLOCKS = YES;
				GCC_WARN_64_TO_32_BIT_CONVERSION = YES;
				GCC_WARN_ABOUT_RETURN_TYPE = YES_ERROR;
				GCC_WARN_UNDECLARED_SELECTOR = YES;
				GCC_WARN_UNINITIALIZED_AUTOS = YES_AGGRESSIVE;
				GCC_WARN_UNUSED_FUNCTION = YES;
				GCC_WARN_UNUSED_VARIABLE = YES;
				IPHONEOS_DEPLOYMENT_TARGET = 17.4;
				LOCALIZATION_PREFERS_STRING_CATALOGS = YES;
				MTL_ENABLE_DEBUG_INFO = NO;
				MTL_FAST_MATH = YES;
				SDKROOT = iphoneos;
				SWIFT_COMPILATION_MODE = wholemodule;
				VALIDATE_PRODUCT = YES;
			};
			name = Release;
		};
		74DDEFAE2C08850A00471B3A /* Debug */ = {
			isa = XCBuildConfiguration;
			buildSettings = {
				ASSETCATALOG_COMPILER_APPICON_NAME = AppIcon;
				ASSETCATALOG_COMPILER_GLOBAL_ACCENT_COLOR_NAME = AccentColor;
				CODE_SIGN_STYLE = Automatic;
				CURRENT_PROJECT_VERSION = 1;
				DEVELOPMENT_ASSET_PATHS = "\"MindPlex/Preview Content\"";
				DEVELOPMENT_TEAM = 2ZS2FZ7LN4;
				ENABLE_PREVIEWS = YES;
				ENABLE_USER_SCRIPT_SANDBOXING = NO;
				GENERATE_INFOPLIST_FILE = YES;
				INFOPLIST_KEY_UIApplicationSceneManifest_Generation = YES;
				INFOPLIST_KEY_UIApplicationSupportsIndirectInputEvents = YES;
				INFOPLIST_KEY_UILaunchScreen_Generation = YES;
				INFOPLIST_KEY_UISupportedInterfaceOrientations_iPad = "UIInterfaceOrientationPortrait UIInterfaceOrientationPortraitUpsideDown UIInterfaceOrientationLandscapeLeft UIInterfaceOrientationLandscapeRight";
				INFOPLIST_KEY_UISupportedInterfaceOrientations_iPhone = "UIInterfaceOrientationPortrait UIInterfaceOrientationLandscapeLeft UIInterfaceOrientationLandscapeRight";
				LD_RUNPATH_SEARCH_PATHS = (
					"$(inherited)",
					"@executable_path/Frameworks",
				);
				MARKETING_VERSION = 1.0;
				PRODUCT_BUNDLE_IDENTIFIER = MindPlex.sotatek.com.MindPlex;
				PRODUCT_NAME = "$(TARGET_NAME)";
				SWIFT_EMIT_LOC_STRINGS = YES;
				SWIFT_VERSION = 5.0;
				TARGETED_DEVICE_FAMILY = "1,2";
			};
			name = Debug;
		};
		74DDEFAF2C08850A00471B3A /* Release */ = {
			isa = XCBuildConfiguration;
			buildSettings = {
				ASSETCATALOG_COMPILER_APPICON_NAME = AppIcon;
				ASSETCATALOG_COMPILER_GLOBAL_ACCENT_COLOR_NAME = AccentColor;
				CODE_SIGN_STYLE = Automatic;
				CURRENT_PROJECT_VERSION = 1;
				DEVELOPMENT_ASSET_PATHS = "\"MindPlex/Preview Content\"";
				DEVELOPMENT_TEAM = 2ZS2FZ7LN4;
				ENABLE_PREVIEWS = YES;
				ENABLE_USER_SCRIPT_SANDBOXING = NO;
				GENERATE_INFOPLIST_FILE = YES;
				INFOPLIST_KEY_UIApplicationSceneManifest_Generation = YES;
				INFOPLIST_KEY_UIApplicationSupportsIndirectInputEvents = YES;
				INFOPLIST_KEY_UILaunchScreen_Generation = YES;
				INFOPLIST_KEY_UISupportedInterfaceOrientations_iPad = "UIInterfaceOrientationPortrait UIInterfaceOrientationPortraitUpsideDown UIInterfaceOrientationLandscapeLeft UIInterfaceOrientationLandscapeRight";
				INFOPLIST_KEY_UISupportedInterfaceOrientations_iPhone = "UIInterfaceOrientationPortrait UIInterfaceOrientationLandscapeLeft UIInterfaceOrientationLandscapeRight";
				LD_RUNPATH_SEARCH_PATHS = (
					"$(inherited)",
					"@executable_path/Frameworks",
				);
				MARKETING_VERSION = 1.0;
				PRODUCT_BUNDLE_IDENTIFIER = MindPlex.sotatek.com.MindPlex;
				PRODUCT_NAME = "$(TARGET_NAME)";
				SWIFT_EMIT_LOC_STRINGS = YES;
				SWIFT_VERSION = 5.0;
				TARGETED_DEVICE_FAMILY = "1,2";
			};
			name = Release;
		};
		74DDEFB12C08850A00471B3A /* Debug */ = {
			isa = XCBuildConfiguration;
			buildSettings = {
				ALWAYS_EMBED_SWIFT_STANDARD_LIBRARIES = YES;
				BUNDLE_LOADER = "$(TEST_HOST)";
				CODE_SIGN_STYLE = Automatic;
				CURRENT_PROJECT_VERSION = 1;
				DEVELOPMENT_TEAM = 2ZS2FZ7LN4;
				GENERATE_INFOPLIST_FILE = YES;
				IPHONEOS_DEPLOYMENT_TARGET = 17.4;
				MARKETING_VERSION = 1.0;
				PRODUCT_BUNDLE_IDENTIFIER = MindPlex.sotatek.com.MindPlexTests;
				PRODUCT_NAME = "$(TARGET_NAME)";
				SWIFT_EMIT_LOC_STRINGS = NO;
				SWIFT_VERSION = 5.0;
				TARGETED_DEVICE_FAMILY = "1,2";
				TEST_HOST = "$(BUILT_PRODUCTS_DIR)/MindPlex.app/$(BUNDLE_EXECUTABLE_FOLDER_PATH)/MindPlex";
			};
			name = Debug;
		};
		74DDEFB22C08850A00471B3A /* Release */ = {
			isa = XCBuildConfiguration;
			buildSettings = {
				ALWAYS_EMBED_SWIFT_STANDARD_LIBRARIES = YES;
				BUNDLE_LOADER = "$(TEST_HOST)";
				CODE_SIGN_STYLE = Automatic;
				CURRENT_PROJECT_VERSION = 1;
				DEVELOPMENT_TEAM = 2ZS2FZ7LN4;
				GENERATE_INFOPLIST_FILE = YES;
				IPHONEOS_DEPLOYMENT_TARGET = 17.4;
				MARKETING_VERSION = 1.0;
				PRODUCT_BUNDLE_IDENTIFIER = MindPlex.sotatek.com.MindPlexTests;
				PRODUCT_NAME = "$(TARGET_NAME)";
				SWIFT_EMIT_LOC_STRINGS = NO;
				SWIFT_VERSION = 5.0;
				TARGETED_DEVICE_FAMILY = "1,2";
				TEST_HOST = "$(BUILT_PRODUCTS_DIR)/MindPlex.app/$(BUNDLE_EXECUTABLE_FOLDER_PATH)/MindPlex";
			};
			name = Release;
		};
		74DDEFB42C08850A00471B3A /* Debug */ = {
			isa = XCBuildConfiguration;
			buildSettings = {
				ALWAYS_EMBED_SWIFT_STANDARD_LIBRARIES = YES;
				CODE_SIGN_STYLE = Automatic;
				CURRENT_PROJECT_VERSION = 1;
				DEVELOPMENT_TEAM = 2ZS2FZ7LN4;
				GENERATE_INFOPLIST_FILE = YES;
				MARKETING_VERSION = 1.0;
				PRODUCT_BUNDLE_IDENTIFIER = MindPlex.sotatek.com.MindPlexUITests;
				PRODUCT_NAME = "$(TARGET_NAME)";
				SWIFT_EMIT_LOC_STRINGS = NO;
				SWIFT_VERSION = 5.0;
				TARGETED_DEVICE_FAMILY = "1,2";
				TEST_TARGET_NAME = MindPlex;
			};
			name = Debug;
		};
		74DDEFB52C08850A00471B3A /* Release */ = {
			isa = XCBuildConfiguration;
			buildSettings = {
				ALWAYS_EMBED_SWIFT_STANDARD_LIBRARIES = YES;
				CODE_SIGN_STYLE = Automatic;
				CURRENT_PROJECT_VERSION = 1;
				DEVELOPMENT_TEAM = 2ZS2FZ7LN4;
				GENERATE_INFOPLIST_FILE = YES;
				MARKETING_VERSION = 1.0;
				PRODUCT_BUNDLE_IDENTIFIER = MindPlex.sotatek.com.MindPlexUITests;
				PRODUCT_NAME = "$(TARGET_NAME)";
				SWIFT_EMIT_LOC_STRINGS = NO;
				SWIFT_VERSION = 5.0;
				TARGETED_DEVICE_FAMILY = "1,2";
				TEST_TARGET_NAME = MindPlex;
			};
			name = Release;
		};
/* End XCBuildConfiguration section */

/* Begin XCConfigurationList section */
		74DDEF842C08850900471B3A /* Build configuration list for PBXProject "MindPlex" */ = {
			isa = XCConfigurationList;
			buildConfigurations = (
				74DDEFAB2C08850A00471B3A /* Debug */,
				74DDEFAC2C08850A00471B3A /* Release */,
			);
			defaultConfigurationIsVisible = 0;
			defaultConfigurationName = Release;
		};
		74DDEFAD2C08850A00471B3A /* Build configuration list for PBXNativeTarget "MindPlex" */ = {
			isa = XCConfigurationList;
			buildConfigurations = (
				74DDEFAE2C08850A00471B3A /* Debug */,
				74DDEFAF2C08850A00471B3A /* Release */,
			);
			defaultConfigurationIsVisible = 0;
			defaultConfigurationName = Release;
		};
		74DDEFB02C08850A00471B3A /* Build configuration list for PBXNativeTarget "MindPlexTests" */ = {
			isa = XCConfigurationList;
			buildConfigurations = (
				74DDEFB12C08850A00471B3A /* Debug */,
				74DDEFB22C08850A00471B3A /* Release */,
			);
			defaultConfigurationIsVisible = 0;
			defaultConfigurationName = Release;
		};
		74DDEFB32C08850A00471B3A /* Build configuration list for PBXNativeTarget "MindPlexUITests" */ = {
			isa = XCConfigurationList;
			buildConfigurations = (
				74DDEFB42C08850A00471B3A /* Debug */,
				74DDEFB52C08850A00471B3A /* Release */,
			);
			defaultConfigurationIsVisible = 0;
			defaultConfigurationName = Release;
		};
/* End XCConfigurationList section */
	};
	rootObject = 74DDEF812C08850900471B3A /* Project object */;
}
